
Microsoft Visual Studio Solution File, Format Version 12.00
# Visual Studio 15
VisualStudioVersion = 15.0.28307.168
MinimumVisualStudioVersion = 10.0.40219.1
Project("{9A19103F-16F7-4668-BE54-9A1E7A4F7556}") = "EFCoreCA2", "EFCoreStudentDemo\EFCoreCA2.csproj", "{9ABC3459-2880-41B8-8217-4CFAD7FD12EB}"
EndProject
Global
	GlobalSection(SolutionConfigurationPlatforms) = preSolution
		Debug|Any CPU = Debug|Any CPU
		Release|Any CPU = Release|Any CPU
	EndGlobalSection
	GlobalSection(ProjectConfigurationPlatforms) = postSolution
		{9ABC3459-2880-41B8-8217-4CFAD7FD12EB}.Debug|Any CPU.ActiveCfg = Debug|Any CPU
		{9ABC3459-2880-41B8-8217-4CFAD7FD12EB}.Debug|Any CPU.Build.0 = Debug|Any CPU
		{9ABC3459-2880-41B8-8217-4CFAD7FD12EB}.Release|Any CPU.ActiveCfg = Release|Any CPU
		{9ABC3459-2880-41B8-8217-4CFAD7FD12EB}.Release|Any CPU.Build.0 = Release|Any CPU
	EndGlobalSection
	GlobalSection(SolutionProperties) = preSolution
		HideSolutionNode = FALSE
	EndGlobalSection
	GlobalSection(ExtensibilityGlobals) = postSolution
		SolutionGuid = {7631BE82-8AC0-4198-9DD8-3B42F70FEE76}
	EndGlobalSection
EndGlobal
